
Microsoft Visual Studio Solution File, Format Version 12.00
# Visual Studio Version 16
VisualStudioVersion = 16.0.31005.135
MinimumVisualStudioVersion = 10.0.40219.1
Project("{FAE04EC0-301F-11D3-BF4B-00C04F79EFBC}") = "VideoBlock.API", "VideoBlock\VideoBlock.API.csproj", "{DD82BADC-58B5-4231-966A-9A034B6C5F60}"
EndProject
Project("{FAE04EC0-301F-11D3-BF4B-00C04F79EFBC}") = "VideoBlock.DL", "VideoBlock.DL\VideoBlock.DL.csproj", "{58198341-69C5-43D4-BFEB-4E02E9C652D9}"
EndProject
Global
	GlobalSection(SolutionConfigurationPlatforms) = preSolution
		Debug|Any CPU = Debug|Any CPU
		Release|Any CPU = Release|Any CPU
	EndGlobalSection
	GlobalSection(ProjectConfigurationPlatforms) = postSolution
		{DD82BADC-58B5-4231-966A-9A034B6C5F60}.Debug|Any CPU.ActiveCfg = Debug|Any CPU
		{DD82BADC-58B5-4231-966A-9A034B6C5F60}.Debug|Any CPU.Build.0 = Debug|Any CPU
		{DD82BADC-58B5-4231-966A-9A034B6C5F60}.Release|Any CPU.ActiveCfg = Release|Any CPU
		{DD82BADC-58B5-4231-966A-9A034B6C5F60}.Release|Any CPU.Build.0 = Release|Any CPU
		{58198341-69C5-43D4-BFEB-4E02E9C652D9}.Debug|Any CPU.ActiveCfg = Debug|Any CPU
		{58198341-69C5-43D4-BFEB-4E02E9C652D9}.Debug|Any CPU.Build.0 = Debug|Any CPU
		{58198341-69C5-43D4-BFEB-4E02E9C652D9}.Release|Any CPU.ActiveCfg = Release|Any CPU
		{58198341-69C5-43D4-BFEB-4E02E9C652D9}.Release|Any CPU.Build.0 = Release|Any CPU
	EndGlobalSection
	GlobalSection(SolutionProperties) = preSolution
		HideSolutionNode = FALSE
	EndGlobalSection
	GlobalSection(ExtensibilityGlobals) = postSolution
		SolutionGuid = {893BFDA3-7FE1-4596-B098-3F195528D995}
	EndGlobalSection
EndGlobal
